
Microsoft Visual Studio Solution File, Format Version 12.00
# Visual Studio Version 16
VisualStudioVersion = 16.0.31702.278
MinimumVisualStudioVersion = 10.0.40219.1
Project("{FAE04EC0-301F-11D3-BF4B-00C04F79EFBC}") = "AutomaticSharingForGarticPhone", "AutomaticSharingForGarticPhone\AutomaticSharingForGarticPhone.csproj", "{CC81C888-7C32-4745-BD3C-B867A39C2ED5}"
EndProject
Global
	GlobalSection(SolutionConfigurationPlatforms) = preSolution
		Debug|Any CPU = Debug|Any CPU
		Release|Any CPU = Release|Any CPU
	EndGlobalSection
	GlobalSection(ProjectConfigurationPlatforms) = postSolution
		{CC81C888-7C32-4745-BD3C-B867A39C2ED5}.Debug|Any CPU.ActiveCfg = Debug|Any CPU
		{CC81C888-7C32-4745-BD3C-B867A39C2ED5}.Debug|Any CPU.Build.0 = Debug|Any CPU
		{CC81C888-7C32-4745-BD3C-B867A39C2ED5}.Release|Any CPU.ActiveCfg = Release|Any CPU
		{CC81C888-7C32-4745-BD3C-B867A39C2ED5}.Release|Any CPU.Build.0 = Release|Any CPU
	EndGlobalSection
	GlobalSection(SolutionProperties) = preSolution
		HideSolutionNode = FALSE
	EndGlobalSection
	GlobalSection(ExtensibilityGlobals) = postSolution
		SolutionGuid = {70FDCB7A-3E40-4A2C-AAA7-3ED622901AA7}
	EndGlobalSection
EndGlobal
